
Microsoft Visual Studio Solution File, Format Version 12.00
# Visual Studio 15
VisualStudioVersion = 15.0.28307.1259
MinimumVisualStudioVersion = 10.0.40219.1
Project("{FAE04EC0-301F-11D3-BF4B-00C04F79EFBC}") = "task", "task\task.csproj", "{F1B67F39-4C49-4DD2-B7FF-DB77DA11E7AF}"
EndProject
Global
	GlobalSection(SolutionConfigurationPlatforms) = preSolution
		Debug|Any CPU = Debug|Any CPU
		Release|Any CPU = Release|Any CPU
	EndGlobalSection
	GlobalSection(ProjectConfigurationPlatforms) = postSolution
		{F1B67F39-4C49-4DD2-B7FF-DB77DA11E7AF}.Debug|Any CPU.ActiveCfg = Debug|Any CPU
		{F1B67F39-4C49-4DD2-B7FF-DB77DA11E7AF}.Debug|Any CPU.Build.0 = Debug|Any CPU
		{F1B67F39-4C49-4DD2-B7FF-DB77DA11E7AF}.Release|Any CPU.ActiveCfg = Release|Any CPU
		{F1B67F39-4C49-4DD2-B7FF-DB77DA11E7AF}.Release|Any CPU.Build.0 = Release|Any CPU
	EndGlobalSection
	GlobalSection(SolutionProperties) = preSolution
		HideSolutionNode = FALSE
	EndGlobalSection
	GlobalSection(ExtensibilityGlobals) = postSolution
		SolutionGuid = {65F44CFD-11FB-4282-B3CE-E43A2E17769A}
	EndGlobalSection
EndGlobal
